{
  "name": "levels-bot",
  "version": "1.0.0",
  "lockfileVersion": 2,
  "requires": true,
  "packages": {
    "": {
      "name": "levels-bot",
      "version": "1.0.0",
      "license": "ISC",
      "dependencies": {
        "@types/node": "^20.11.3",
        "inversify": "^6.0.2",
        "reflect-metadata": "^0.2.1"
      },
      "devDependencies": {
        "typescript": "^5.3.3"
      }
    },
    "node_modules/@types/node": {
      "version": "20.11.3",
      "resolved": "https://registry.npmjs.org/@types/node/-/node-20.11.3.tgz",
      "integrity": "sha512-nrlmbvGPNGaj84IJZXMPhQuCMEVTT/hXZMJJG/aIqVL9fKxqk814sGGtJA4GI6hpJSLQjpi6cn0Qx9eOf9SDVg==",
      "dependencies": {
        "undici-types": "~5.26.4"
      }
    },
    "node_modules/inversify": {
      "version": "6.0.2",
      "resolved": "https://registry.npmjs.org/inversify/-/inversify-6.0.2.tgz",
      "integrity": "sha512-i9m8j/7YIv4mDuYXUAcrpKPSaju/CIly9AHK5jvCBeoiM/2KEsuCQTTP+rzSWWpLYWRukdXFSl6ZTk2/uumbiA=="
    },
    "node_modules/reflect-metadata": {
      "version": "0.2.1",
      "resolved": "https://registry.npmjs.org/reflect-metadata/-/reflect-metadata-0.2.1.tgz",
      "integrity": "sha512-i5lLI6iw9AU3Uu4szRNPPEkomnkjRTaVt9hy/bn5g/oSzekBSMeLZblcjP74AW0vBabqERLLIrz+gR8QYR54Tw=="
    },
    "node_modules/typescript": {
      "version": "5.3.3",
      "resolved": "https://registry.npmjs.org/typescript/-/typescript-5.3.3.tgz",
      "integrity": "sha512-pXWcraxM0uxAS+tN0AG/BF2TyqmHO014Z070UsJ+pFvYuRSq8KH8DmWpnbXe0pEPDHXZV3FcAbJkijJ5oNEnWw==",
      "dev": true,
      "bin": {
        "tsc": "bin/tsc",
        "tsserver": "bin/tsserver"
      },
      "engines": {
        "node": ">=14.17"
      }
    },
    "node_modules/undici-types": {
      "version": "5.26.5",
      "resolved": "https://registry.npmjs.org/undici-types/-/undici-types-5.26.5.tgz",
      "integrity": "sha512-JlCMO+ehdEIKqlFxk6IfVoAUVmgz7cU7zD/h9XZ0qzeosSHmUJVOzSQvvYSYWXkFXC+IfLKSIffhv0sVZup6pA=="
    }
  },
  "dependencies": {
    "@types/node": {
      "version": "20.11.3",
      "resolved": "https://registry.npmjs.org/@types/node/-/node-20.11.3.tgz",
      "integrity": "sha512-nrlmbvGPNGaj84IJZXMPhQuCMEVTT/hXZMJJG/aIqVL9fKxqk814sGGtJA4GI6hpJSLQjpi6cn0Qx9eOf9SDVg==",
      "requires": {
        "undici-types": "~5.26.4"
      }
    },
    "inversify": {
      "version": "6.0.2",
      "resolved": "https://registry.npmjs.org/inversify/-/inversify-6.0.2.tgz",
      "integrity": "sha512-i9m8j/7YIv4mDuYXUAcrpKPSaju/CIly9AHK5jvCBeoiM/2KEsuCQTTP+rzSWWpLYWRukdXFSl6ZTk2/uumbiA=="
    },
    "reflect-metadata": {
      "version": "0.2.1",
      "resolved": "https://registry.npmjs.org/reflect-metadata/-/reflect-metadata-0.2.1.tgz",
      "integrity": "sha512-i5lLI6iw9AU3Uu4szRNPPEkomnkjRTaVt9hy/bn5g/oSzekBSMeLZblcjP74AW0vBabqERLLIrz+gR8QYR54Tw=="
    },
    "typescript": {
      "version": "5.3.3",
      "resolved": "https://registry.npmjs.org/typescript/-/typescript-5.3.3.tgz",
      "integrity": "sha512-pXWcraxM0uxAS+tN0AG/BF2TyqmHO014Z070UsJ+pFvYuRSq8KH8DmWpnbXe0pEPDHXZV3FcAbJkijJ5oNEnWw==",
      "dev": true
    },
    "undici-types": {
      "version": "5.26.5",
      "resolved": "https://registry.npmjs.org/undici-types/-/undici-types-5.26.5.tgz",
      "integrity": "sha512-JlCMO+ehdEIKqlFxk6IfVoAUVmgz7cU7zD/h9XZ0qzeosSHmUJVOzSQvvYSYWXkFXC+IfLKSIffhv0sVZup6pA=="
    }
  }
}
